
Microsoft Visual Studio Solution File, Format Version 12.00
# Visual Studio 2012
Project("{FAE04EC0-301F-11D3-BF4B-00C04F79EFBC}") = "Brickyard2", "Brickyard2\Brickyard2.csproj", "{E67D85AF-3F26-4187-9835-F0C330FDCEEF}"
EndProject
Global
	GlobalSection(SolutionConfigurationPlatforms) = preSolution
		Debug|Any CPU = Debug|Any CPU
		Release|Any CPU = Release|Any CPU
	EndGlobalSection
	GlobalSection(ProjectConfigurationPlatforms) = postSolution
		{E67D85AF-3F26-4187-9835-F0C330FDCEEF}.Debug|Any CPU.ActiveCfg = Debug|Any CPU
		{E67D85AF-3F26-4187-9835-F0C330FDCEEF}.Debug|Any CPU.Build.0 = Debug|Any CPU
		{E67D85AF-3F26-4187-9835-F0C330FDCEEF}.Release|Any CPU.ActiveCfg = Release|Any CPU
		{E67D85AF-3F26-4187-9835-F0C330FDCEEF}.Release|Any CPU.Build.0 = Release|Any CPU
	EndGlobalSection
EndGlobal
